<?xml version="1.0" encoding="utf-8"?>
<Project ToolsVersion="4.0" xmlns="http://schemas.microsoft.com/developer/msbuild/2003">
  <ItemGroup>
    <Filter Include="KamataEngine">
      <UniqueIdentifier>{4FC737F1-C7A5-4376-A066-2A32D752A2FF}</UniqueIdentifier>
      <Extensions>cpp;c;cc;cxx;c++;cppm;ixx;def;odl;idl;hpj;bat;asm;asmx</Extensions>
    </Filter>
    <Filter Include="KamataEngine\Source">
      <UniqueIdentifier>{d966e9f8-e880-44ae-8586-a08515e4cffc}</UniqueIdentifier>
    </Filter>
    <Filter Include="KamataEngine\Include">
      <UniqueIdentifier>{4aae4e40-94f7-4d32-9a91-c0c37a2edf0d}</UniqueIdentifier>
    </Filter>
    <Filter Include="KamataEngine\Adapter">
      <UniqueIdentifier>{c6468eb4-788b-4a83-b207-a5f4804e56c5}</UniqueIdentifier>
    </Filter>
    <Filter Include="math">
      <UniqueIdentifier>{67c7ae4e-5630-4b07-abe8-280d303bcc16}</UniqueIdentifier>
    </Filter>
    <Filter Include="math\func">
      <UniqueIdentifier>{5191b8ef-71fa-47d6-8515-94b33ba516a7}</UniqueIdentifier>
    </Filter>
    <Filter Include="gameObject">
      <UniqueIdentifier>{608d9316-4e50-4bc3-bd06-169b0da937c8}</UniqueIdentifier>
    </Filter>
  </ItemGroup>
  <ItemGroup>
    <ClCompile Include="main.cpp" />
    <ClCompile Include="C:\KamataEngine\Adapter\Novice.cpp">
      <Filter>KamataEngine\Adapter</Filter>
    </ClCompile>
    <ClCompile Include="myMath\Matrix4x4.cpp">
      <Filter>math</Filter>
    </ClCompile>
    <ClCompile Include="myMath\Vector2.cpp">
      <Filter>math</Filter>
    </ClCompile>
    <ClCompile Include="myMath\Vector3.cpp">
      <Filter>math</Filter>
    </ClCompile>
    <ClCompile Include="myMath\Vector4.cpp">
      <Filter>math</Filter>
    </ClCompile>
    <ClCompile Include="myMath\func\Aithmetic.cpp">
      <Filter>math\func</Filter>
    </ClCompile>
    <ClCompile Include="myMath\func\Math.cpp">
      <Filter>math\func</Filter>
    </ClCompile>
    <ClCompile Include="myMath\func\Rendering.cpp">
      <Filter>math\func</Filter>
    </ClCompile>
    <ClCompile Include="gameObject\Camera.cpp">
      <Filter>gameObject</Filter>
    </ClCompile>
    <ClCompile Include="gameObject\BaseGameObject.cpp">
      <Filter>gameObject</Filter>
    </ClCompile>
    <ClCompile Include="gameObject\GameObject.cpp">
      <Filter>gameObject</Filter>
    </ClCompile>
    <ClCompile Include="gameObject\Grid.cpp">
      <Filter>gameObject</Filter>
    </ClCompile>
    <ClCompile Include="gameObject\Sphere.cpp">
      <Filter>gameObject</Filter>
    </ClCompile>
    <ClCompile Include="myMath\func\Collision.cpp">
      <Filter>math\func</Filter>
    </ClCompile>
  </ItemGroup>
  <ItemGroup>
    <ClInclude Include="C:\KamataEngine\DirectXGame\audio\Audio.h">
      <Filter>KamataEngine\Include</Filter>
    </ClInclude>
    <ClInclude Include="C:\KamataEngine\DirectXGame\2d\DebugText.h">
      <Filter>KamataEngine\Include</Filter>
    </ClInclude>
    <ClInclude Include="C:\KamataEngine\DirectXGame\base\DirectXCommon.h">
      <Filter>KamataEngine\Include</Filter>
    </ClInclude>
    <ClInclude Include="C:\KamataEngine\DirectXGame\scene\GameScene.h">
      <Filter>KamataEngine\Include</Filter>
    </ClInclude>
    <ClInclude Include="C:\KamataEngine\DirectXGame\input\Input.h">
      <Filter>KamataEngine\Include</Filter>
    </ClInclude>
    <ClInclude Include="C:\KamataEngine\DirectXGame\3d\Model.h">
      <Filter>KamataEngine\Include</Filter>
    </ClInclude>
    <ClInclude Include="C:\KamataEngine\DirectXGame\base\SafeDelete.h">
      <Filter>KamataEngine\Include</Filter>
    </ClInclude>
    <ClInclude Include="C:\KamataEngine\DirectXGame\2d\Sprite.h">
      <Filter>KamataEngine\Include</Filter>
    </ClInclude>
    <ClInclude Include="C:\KamataEngine\DirectXGame\base\TextureManager.h">
      <Filter>KamataEngine\Include</Filter>
    </ClInclude>
    <ClInclude Include="C:\KamataEngine\DirectXGame\base\WinApp.h">
      <Filter>KamataEngine\Include</Filter>
    </ClInclude>
    <ClInclude Include="C:\KamataEngine\DirectXGame\3d\WorldTransform.h">
      <Filter>KamataEngine\Include</Filter>
    </ClInclude>
    <ClInclude Include="C:\KamataEngine\Adapter\Novice.h">
      <Filter>KamataEngine\Adapter</Filter>
    </ClInclude>
    <ClInclude Include="C:\KamataEngine\DirectXGame\3d\CircleShadow.h">
      <Filter>KamataEngine\Include</Filter>
    </ClInclude>
    <ClInclude Include="C:\KamataEngine\DirectXGame\3d\DebugCamera.h">
      <Filter>KamataEngine\Include</Filter>
    </ClInclude>
    <ClInclude Include="C:\KamataEngine\DirectXGame\3d\DirectionalLight.h">
      <Filter>KamataEngine\Include</Filter>
    </ClInclude>
    <ClInclude Include="C:\KamataEngine\DirectXGame\3d\LightGroup.h">
      <Filter>KamataEngine\Include</Filter>
    </ClInclude>
    <ClInclude Include="C:\KamataEngine\DirectXGame\3d\Material.h">
      <Filter>KamataEngine\Include</Filter>
    </ClInclude>
    <ClInclude Include="C:\KamataEngine\DirectXGame\3d\Mesh.h">
      <Filter>KamataEngine\Include</Filter>
    </ClInclude>
    <ClInclude Include="C:\KamataEngine\DirectXGame\3d\PointLight.h">
      <Filter>KamataEngine\Include</Filter>
    </ClInclude>
    <ClInclude Include="C:\KamataEngine\DirectXGame\3d\SpotLight.h">
      <Filter>KamataEngine\Include</Filter>
    </ClInclude>
    <ClInclude Include="C:\KamataEngine\DirectXGame\base\StringUtility.h">
      <Filter>KamataEngine\Include</Filter>
    </ClInclude>
    <ClInclude Include="..\DirectXGame\3d\Camera.h">
      <Filter>KamataEngine\Include</Filter>
    </ClInclude>
    <ClInclude Include="C:\KamataEngine\DirectXGame\math\Matrix4x4.h">
      <Filter>KamataEngine\Include</Filter>
    </ClInclude>
    <ClInclude Include="C:\KamataEngine\DirectXGame\math\Vector2.h">
      <Filter>KamataEngine\Include</Filter>
    </ClInclude>
    <ClInclude Include="C:\KamataEngine\DirectXGame\math\Vector3.h">
      <Filter>KamataEngine\Include</Filter>
    </ClInclude>
    <ClInclude Include="C:\KamataEngine\DirectXGame\math\Vector4.h">
      <Filter>KamataEngine\Include</Filter>
    </ClInclude>
    <ClInclude Include="C:\KamataEngine\DirectXGame\2d\ImGuiManager.h">
      <Filter>KamataEngine\Include</Filter>
    </ClInclude>
    <ClInclude Include="myMath\Matrix3x3.h">
      <Filter>math</Filter>
    </ClInclude>
    <ClInclude Include="myMath\Matrix4x4.h">
      <Filter>math</Filter>
    </ClInclude>
    <ClInclude Include="myMath\RenderingData.h">
      <Filter>math</Filter>
    </ClInclude>
    <ClInclude Include="myMath\Vector2.h">
      <Filter>math</Filter>
    </ClInclude>
    <ClInclude Include="myMath\Vector3.h">
      <Filter>math</Filter>
    </ClInclude>
    <ClInclude Include="myMath\Vector4.h">
      <Filter>math</Filter>
    </ClInclude>
    <ClInclude Include="myMath\func\Aithmetic.h">
      <Filter>math\func</Filter>
    </ClInclude>
    <ClInclude Include="myMath\func\Math.h">
      <Filter>math\func</Filter>
    </ClInclude>
    <ClInclude Include="myMath\func\Rendering.h">
      <Filter>math\func</Filter>
    </ClInclude>
    <ClInclude Include="gameObject\Camera.h">
      <Filter>gameObject</Filter>
    </ClInclude>
    <ClInclude Include="gameObject\BaseGameObject.h">
      <Filter>gameObject</Filter>
    </ClInclude>
    <ClInclude Include="gameObject\GameObject.h">
      <Filter>gameObject</Filter>
    </ClInclude>
    <ClInclude Include="gameObject\Grid.h">
      <Filter>gameObject</Filter>
    </ClInclude>
    <ClInclude Include="gameObject\Sphere.h">
      <Filter>gameObject</Filter>
    </ClInclude>
    <ClInclude Include="myMath\func\Collision.h">
      <Filter>math\func</Filter>
    </ClInclude>
  </ItemGroup>
</Project>